
Microsoft Visual Studio Solution File, Format Version 12.00
# Visual Studio Version 17
VisualStudioVersion = 17.1.32228.430
MinimumVisualStudioVersion = 10.0.40219.1
Project("{9A19103F-16F7-4668-BE54-9A1E7A4F7556}") = "BookManagement.API", "BookManagement.API\BookManagement.API.csproj", "{9579DA8C-CE7D-48E0-8701-BE5236934B63}"
EndProject
Project("{9A19103F-16F7-4668-BE54-9A1E7A4F7556}") = "BookManagement.UnitTest", "BookManagement.UnitTest\BookManagement.UnitTest.csproj", "{03745E25-95C5-4803-B662-6C6168A37DDF}"
EndProject
Global
	GlobalSection(SolutionConfigurationPlatforms) = preSolution
		Debug|Any CPU = Debug|Any CPU
		Release|Any CPU = Release|Any CPU
	EndGlobalSection
	GlobalSection(ProjectConfigurationPlatforms) = postSolution
		{9579DA8C-CE7D-48E0-8701-BE5236934B63}.Debug|Any CPU.ActiveCfg = Debug|Any CPU
		{9579DA8C-CE7D-48E0-8701-BE5236934B63}.Debug|Any CPU.Build.0 = Debug|Any CPU
		{9579DA8C-CE7D-48E0-8701-BE5236934B63}.Release|Any CPU.ActiveCfg = Release|Any CPU
		{9579DA8C-CE7D-48E0-8701-BE5236934B63}.Release|Any CPU.Build.0 = Release|Any CPU
		{03745E25-95C5-4803-B662-6C6168A37DDF}.Debug|Any CPU.ActiveCfg = Debug|Any CPU
		{03745E25-95C5-4803-B662-6C6168A37DDF}.Debug|Any CPU.Build.0 = Debug|Any CPU
		{03745E25-95C5-4803-B662-6C6168A37DDF}.Release|Any CPU.ActiveCfg = Release|Any CPU
		{03745E25-95C5-4803-B662-6C6168A37DDF}.Release|Any CPU.Build.0 = Release|Any CPU
	EndGlobalSection
	GlobalSection(SolutionProperties) = preSolution
		HideSolutionNode = FALSE
	EndGlobalSection
	GlobalSection(ExtensibilityGlobals) = postSolution
		SolutionGuid = {EEE9FD8C-6572-4349-9BED-C01A065D9FB9}
	EndGlobalSection
EndGlobal
